# This file was autogenerated by uv via the following command:
#    uv pip compile pyproject.toml --python .venv/Scripts/python.exe --python-version 3.11 --extra dev --extra cloud --universal --constraint requirements/beam.lock -o requirements/dev.lock
annotated-types==0.8.0
    # via
    #   -c requirements/beam.lock
    #   pydantic
certifi==2026.7.22
    # via
    #   -c requirements/beam.lock
    #   requests
cffi==2.1.1 ; platform_python_implementation != 'PyPy'
    # via
    #   -c requirements/beam.lock
    #   cryptography
charset-normalizer==3.5.1
    # via
    #   -c requirements/beam.lock
    #   requests
colorama==0.4.6 ; sys_platform == 'win32'
    # via pytest
cryptography==47.0.0
    # via
    #   -c requirements/beam.lock
    #   google-auth
google-api-core==2.38.0
    # via
    #   -c requirements/beam.lock
    #   google-cloud-secret-manager
google-auth==2.58.0
    # via
    #   -c requirements/beam.lock
    #   gcp-data-platform-template (pyproject.toml)
    #   google-api-core
    #   google-cloud-secret-manager
google-cloud-secret-manager==2.30.0
    # via
    #   -c requirements/beam.lock
    #   gcp-data-platform-template (pyproject.toml)
googleapis-common-protos==1.75.3
    # via
    #   -c requirements/beam.lock
    #   google-api-core
    #   grpc-google-iam-v1
    #   grpcio-status
grpc-google-iam-v1==0.14.5
    # via
    #   -c requirements/beam.lock
    #   google-cloud-secret-manager
grpcio==1.65.5 ; python_full_version < '3.13'
    # via
    #   -c requirements/beam.lock
    #   google-api-core
    #   google-cloud-secret-manager
    #   googleapis-common-protos
    #   grpc-google-iam-v1
    #   grpcio-status
grpcio==1.84.0 ; python_full_version >= '3.13'
    # via
    #   -c requirements/beam.lock
    #   google-api-core
    #   google-cloud-secret-manager
    #   googleapis-common-protos
    #   grpc-google-iam-v1
    #   grpcio-status
grpcio-status==1.62.3 ; python_full_version < '3.13'
    # via
    #   -c requirements/beam.lock
    #   google-api-core
grpcio-status==1.84.0 ; python_full_version >= '3.13'
    # via
    #   -c requirements/beam.lock
    #   google-api-core
idna==3.20
    # via
    #   -c requirements/beam.lock
    #   requests
iniconfig==2.3.0
    # via pytest
lark==1.3.1
    # via python-hcl2
opentelemetry-api==1.44.0
    # via
    #   -c requirements/beam.lock
    #   google-api-core
packaging==26.3
    # via
    #   -c requirements/beam.lock
    #   pytest
pluggy==1.6.0
    # via
    #   -c requirements/beam.lock
    #   pytest
proto-plus==1.28.4
    # via
    #   -c requirements/beam.lock
    #   google-api-core
    #   google-cloud-secret-manager
protobuf==6.33.6
    # via
    #   -c requirements/beam.lock
    #   google-api-core
    #   google-cloud-secret-manager
    #   googleapis-common-protos
    #   grpc-google-iam-v1
    #   grpcio-status
    #   proto-plus
pyasn1==0.6.4
    # via
    #   -c requirements/beam.lock
    #   pyasn1-modules
pyasn1-modules==0.4.2
    # via
    #   -c requirements/beam.lock
    #   google-auth
pycparser==3.0 ; implementation_name != 'PyPy' and platform_python_implementation != 'PyPy'
    # via
    #   -c requirements/beam.lock
    #   cffi
pydantic==2.13.5
    # via
    #   -c requirements/beam.lock
    #   gcp-data-platform-template (pyproject.toml)
pydantic-core==2.46.5
    # via
    #   -c requirements/beam.lock
    #   pydantic
pygments==2.21.0
    # via pytest
pytest==9.1.1
    # via gcp-data-platform-template (pyproject.toml)
python-hcl2==8.1.4
    # via gcp-data-platform-template (pyproject.toml)
pyyaml==6.0.3
    # via
    #   -c requirements/beam.lock
    #   gcp-data-platform-template (pyproject.toml)
regex==2026.9.10
    # via
    #   -c requirements/beam.lock
    #   python-hcl2
requests==2.34.2
    # via
    #   -c requirements/beam.lock
    #   gcp-data-platform-template (pyproject.toml)
    #   google-api-core
ruff==0.16.8
    # via gcp-data-platform-template (pyproject.toml)
typing-extensions==4.16.0
    # via
    #   -c requirements/beam.lock
    #   grpcio
    #   opentelemetry-api
    #   pydantic
    #   pydantic-core
    #   typing-inspection
typing-inspection==0.4.4
    # via
    #   -c requirements/beam.lock
    #   pydantic
tzdata==2026.4
    # via
    #   -c requirements/beam.lock
    #   gcp-data-platform-template (pyproject.toml)
urllib3==2.8.0
    # via
    #   -c requirements/beam.lock
    #   requests
